PODS:
  - MLNavigationBarTransition (0.0.1)

DEPENDENCIES:
  - MLNavigationBarTransition (from `../MLNavigationBarTransition.podspec`)

EXTERNAL SOURCES:
  MLNavigationBarTransition:
    :path: "../MLNavigationBarTransition.podspec"

SPEC CHECKSUMS:
  MLNavigationBarTransition: 7ea89d2f857f0799a20ffe1a5035b1d3d3a31f03

PODFILE CHECKSUM: 4c5a2bd9798c943e8b8f3cd53b3c16910df37938

COCOAPODS: 1.1.1
