PODS:
  - MLNavigationBarTransition (0.0.1)
  - MLTransition (2.1.2)

DEPENDENCIES:
  - MLNavigationBarTransition (from `../MLNavigationBarTransition.podspec`)
  - MLTransition (~> 2.1.2)

EXTERNAL SOURCES:
  MLNavigationBarTransition:
    :path: "../MLNavigationBarTransition.podspec"

SPEC CHECKSUMS:
  MLNavigationBarTransition: f6d881c2b18b80c5b14e0b51a65a17191a737180
  MLTransition: 26751adac088c07e4df48c9f605cfdd767bb8afa

PODFILE CHECKSUM: f03d0520d967396f8f27c942de56700749119edc

COCOAPODS: 1.1.1
